
Microsoft Visual Studio Solution File, Format Version 12.00
# Visual Studio Version 17
VisualStudioVersion = 17.14.36518.9 d17.14
MinimumVisualStudioVersion = 10.0.40219.1
Project("{FAE04EC0-301F-11D3-BF4B-00C04F79EFBC}") = "TaskManagementAPI", "TaskManagementAPI.csproj", "{92971126-201B-4D36-AD70-CFD8019394F9}"
EndProject
Global
	GlobalSection(SolutionConfigurationPlatforms) = preSolution
		Debug|Any CPU = Debug|Any CPU
		Release|Any CPU = Release|Any CPU
	EndGlobalSection
	GlobalSection(ProjectConfigurationPlatforms) = postSolution
		{92971126-201B-4D36-AD70-CFD8019394F9}.Debug|Any CPU.ActiveCfg = Debug|Any CPU
		{92971126-201B-4D36-AD70-CFD8019394F9}.Debug|Any CPU.Build.0 = Debug|Any CPU
		{92971126-201B-4D36-AD70-CFD8019394F9}.Release|Any CPU.ActiveCfg = Release|Any CPU
		{92971126-201B-4D36-AD70-CFD8019394F9}.Release|Any CPU.Build.0 = Release|Any CPU
	EndGlobalSection
	GlobalSection(SolutionProperties) = preSolution
		HideSolutionNode = FALSE
	EndGlobalSection
	GlobalSection(ExtensibilityGlobals) = postSolution
		SolutionGuid = {04AC53AF-DAC8-4C70-B778-07C306263D62}
	EndGlobalSection
EndGlobal
